
Microsoft Visual Studio Solution File, Format Version 12.00
# Visual Studio Version 17
VisualStudioVersion = 17.0.31903.59
MinimumVisualStudioVersion = 10.0.40219.1
Project("{9A19103F-16F7-4668-BE54-9A1E7A4F7556}") = "WebApi", "WebApi\WebApi.csproj", "{9853C779-65EB-4DE5-AD19-8630C82B8376}"
EndProject
Project("{9A19103F-16F7-4668-BE54-9A1E7A4F7556}") = "Entities", "Entities\Entities.csproj", "{0399D665-9EE4-4124-BDBD-ED2BBDC7A4B6}"
EndProject
Project("{9A19103F-16F7-4668-BE54-9A1E7A4F7556}") = "Repositories", "Repositories\Repositories.csproj", "{E2AFC665-3300-4B0E-B545-08D5440EAAF2}"
EndProject
Project("{9A19103F-16F7-4668-BE54-9A1E7A4F7556}") = "Services", "Services\Services.csproj", "{EB7DD8AB-7ABC-40CA-99A6-F4EBA67D8421}"
EndProject
Project("{FAE04EC0-301F-11D3-BF4B-00C04F79EFBC}") = "Presentation", "Presentation\Presentation.csproj", "{A59C5248-E695-47CC-8506-13EAB2F8E20D}"
EndProject
Global
	GlobalSection(SolutionConfigurationPlatforms) = preSolution
		Debug|Any CPU = Debug|Any CPU
		Release|Any CPU = Release|Any CPU
	EndGlobalSection
	GlobalSection(ProjectConfigurationPlatforms) = postSolution
		{9853C779-65EB-4DE5-AD19-8630C82B8376}.Debug|Any CPU.ActiveCfg = Debug|Any CPU
		{9853C779-65EB-4DE5-AD19-8630C82B8376}.Debug|Any CPU.Build.0 = Debug|Any CPU
		{9853C779-65EB-4DE5-AD19-8630C82B8376}.Release|Any CPU.ActiveCfg = Release|Any CPU
		{9853C779-65EB-4DE5-AD19-8630C82B8376}.Release|Any CPU.Build.0 = Release|Any CPU
		{0399D665-9EE4-4124-BDBD-ED2BBDC7A4B6}.Debug|Any CPU.ActiveCfg = Debug|Any CPU
		{0399D665-9EE4-4124-BDBD-ED2BBDC7A4B6}.Debug|Any CPU.Build.0 = Debug|Any CPU
		{0399D665-9EE4-4124-BDBD-ED2BBDC7A4B6}.Release|Any CPU.ActiveCfg = Release|Any CPU
		{0399D665-9EE4-4124-BDBD-ED2BBDC7A4B6}.Release|Any CPU.Build.0 = Release|Any CPU
		{E2AFC665-3300-4B0E-B545-08D5440EAAF2}.Debug|Any CPU.ActiveCfg = Debug|Any CPU
		{E2AFC665-3300-4B0E-B545-08D5440EAAF2}.Debug|Any CPU.Build.0 = Debug|Any CPU
		{E2AFC665-3300-4B0E-B545-08D5440EAAF2}.Release|Any CPU.ActiveCfg = Release|Any CPU
		{E2AFC665-3300-4B0E-B545-08D5440EAAF2}.Release|Any CPU.Build.0 = Release|Any CPU
		{EB7DD8AB-7ABC-40CA-99A6-F4EBA67D8421}.Debug|Any CPU.ActiveCfg = Debug|Any CPU
		{EB7DD8AB-7ABC-40CA-99A6-F4EBA67D8421}.Debug|Any CPU.Build.0 = Debug|Any CPU
		{EB7DD8AB-7ABC-40CA-99A6-F4EBA67D8421}.Release|Any CPU.ActiveCfg = Release|Any CPU
		{EB7DD8AB-7ABC-40CA-99A6-F4EBA67D8421}.Release|Any CPU.Build.0 = Release|Any CPU
		{A59C5248-E695-47CC-8506-13EAB2F8E20D}.Debug|Any CPU.ActiveCfg = Debug|Any CPU
		{A59C5248-E695-47CC-8506-13EAB2F8E20D}.Debug|Any CPU.Build.0 = Debug|Any CPU
		{A59C5248-E695-47CC-8506-13EAB2F8E20D}.Release|Any CPU.ActiveCfg = Release|Any CPU
		{A59C5248-E695-47CC-8506-13EAB2F8E20D}.Release|Any CPU.Build.0 = Release|Any CPU
	EndGlobalSection
	GlobalSection(SolutionProperties) = preSolution
		HideSolutionNode = FALSE
	EndGlobalSection
	GlobalSection(ExtensibilityGlobals) = postSolution
		SolutionGuid = {7CDCEE00-18A9-4D7B-BC9D-8D0F9B3789E0}
	EndGlobalSection
EndGlobal
